
Microsoft Visual Studio Solution File, Format Version 12.00
# Visual Studio Version 17
VisualStudioVersion = 17.4.33110.190
MinimumVisualStudioVersion = 10.0.40219.1
Project("{9A19103F-16F7-4668-BE54-9A1E7A4F7556}") = "Portfolio", "Portfolio.csproj", "{EBDFC20E-A750-42CA-8F87-B71FA02DBDE4}"
EndProject
Project("{FAE04EC0-301F-11D3-BF4B-00C04F79EFBC}") = "DomainLayer", "..\PortfolioLayers\DomainLayer\DomainLayer.csproj", "{FFFF97BA-10C4-40AB-9480-0A9D16C5F300}"
EndProject
Project("{FAE04EC0-301F-11D3-BF4B-00C04F79EFBC}") = "RepositoryLayer", "..\PortfolioLayers\RepositoryLayer\RepositoryLayer.csproj", "{37AB98E7-F2C1-48B8-A6DD-9279D95BF6E7}"
EndProject
Global
	GlobalSection(SolutionConfigurationPlatforms) = preSolution
		Debug|Any CPU = Debug|Any CPU
		Release|Any CPU = Release|Any CPU
	EndGlobalSection
	GlobalSection(ProjectConfigurationPlatforms) = postSolution
		{EBDFC20E-A750-42CA-8F87-B71FA02DBDE4}.Debug|Any CPU.ActiveCfg = Debug|Any CPU
		{EBDFC20E-A750-42CA-8F87-B71FA02DBDE4}.Debug|Any CPU.Build.0 = Debug|Any CPU
		{EBDFC20E-A750-42CA-8F87-B71FA02DBDE4}.Release|Any CPU.ActiveCfg = Release|Any CPU
		{EBDFC20E-A750-42CA-8F87-B71FA02DBDE4}.Release|Any CPU.Build.0 = Release|Any CPU
		{FFFF97BA-10C4-40AB-9480-0A9D16C5F300}.Debug|Any CPU.ActiveCfg = Debug|Any CPU
		{FFFF97BA-10C4-40AB-9480-0A9D16C5F300}.Debug|Any CPU.Build.0 = Debug|Any CPU
		{FFFF97BA-10C4-40AB-9480-0A9D16C5F300}.Release|Any CPU.ActiveCfg = Release|Any CPU
		{FFFF97BA-10C4-40AB-9480-0A9D16C5F300}.Release|Any CPU.Build.0 = Release|Any CPU
		{37AB98E7-F2C1-48B8-A6DD-9279D95BF6E7}.Debug|Any CPU.ActiveCfg = Debug|Any CPU
		{37AB98E7-F2C1-48B8-A6DD-9279D95BF6E7}.Debug|Any CPU.Build.0 = Debug|Any CPU
		{37AB98E7-F2C1-48B8-A6DD-9279D95BF6E7}.Release|Any CPU.ActiveCfg = Release|Any CPU
		{37AB98E7-F2C1-48B8-A6DD-9279D95BF6E7}.Release|Any CPU.Build.0 = Release|Any CPU
	EndGlobalSection
	GlobalSection(SolutionProperties) = preSolution
		HideSolutionNode = FALSE
	EndGlobalSection
	GlobalSection(ExtensibilityGlobals) = postSolution
		SolutionGuid = {A64DDBA1-3208-4878-A841-088CD546D6E0}
	EndGlobalSection
EndGlobal
